
Microsoft Visual Studio Solution File, Format Version 12.00
# Visual Studio Version 17
VisualStudioVersion = 17.8.34408.163
MinimumVisualStudioVersion = 10.0.40219.1
Project("{FAE04EC0-301F-11D3-BF4B-00C04F79EFBC}") = "GA_StringParsing_NicholasIngles", "GA_StringParsing_NicholasIngles\GA_StringParsing_NicholasIngles.csproj", "{E86F2718-0885-42FC-BE18-B7CB9438D624}"
EndProject
Global
	GlobalSection(SolutionConfigurationPlatforms) = preSolution
		Debug|Any CPU = Debug|Any CPU
		Release|Any CPU = Release|Any CPU
	EndGlobalSection
	GlobalSection(ProjectConfigurationPlatforms) = postSolution
		{E86F2718-0885-42FC-BE18-B7CB9438D624}.Debug|Any CPU.ActiveCfg = Debug|Any CPU
		{E86F2718-0885-42FC-BE18-B7CB9438D624}.Debug|Any CPU.Build.0 = Debug|Any CPU
		{E86F2718-0885-42FC-BE18-B7CB9438D624}.Release|Any CPU.ActiveCfg = Release|Any CPU
		{E86F2718-0885-42FC-BE18-B7CB9438D624}.Release|Any CPU.Build.0 = Release|Any CPU
	EndGlobalSection
	GlobalSection(SolutionProperties) = preSolution
		HideSolutionNode = FALSE
	EndGlobalSection
	GlobalSection(ExtensibilityGlobals) = postSolution
		SolutionGuid = {85438E6B-D18A-48E2-8970-1A7CDA5341EA}
	EndGlobalSection
EndGlobal
